
Microsoft Visual Studio Solution File, Format Version 12.00
# Visual Studio Version 17
VisualStudioVersion = 17.3.32901.215
MinimumVisualStudioVersion = 10.0.40219.1
Project("{9A19103F-16F7-4668-BE54-9A1E7A4F7556}") = "Snippet Manager", "Snippet Manager.csproj", "{ECAFA219-1C26-4039-9A20-D3F63724217A}"
EndProject
Global
	GlobalSection(SolutionConfigurationPlatforms) = preSolution
		Debug|Any CPU = Debug|Any CPU
		Release|Any CPU = Release|Any CPU
	EndGlobalSection
	GlobalSection(ProjectConfigurationPlatforms) = postSolution
		{ECAFA219-1C26-4039-9A20-D3F63724217A}.Debug|Any CPU.ActiveCfg = Debug|Any CPU
		{ECAFA219-1C26-4039-9A20-D3F63724217A}.Debug|Any CPU.Build.0 = Debug|Any CPU
		{ECAFA219-1C26-4039-9A20-D3F63724217A}.Release|Any CPU.ActiveCfg = Release|Any CPU
		{ECAFA219-1C26-4039-9A20-D3F63724217A}.Release|Any CPU.Build.0 = Release|Any CPU
	EndGlobalSection
	GlobalSection(SolutionProperties) = preSolution
		HideSolutionNode = FALSE
	EndGlobalSection
	GlobalSection(ExtensibilityGlobals) = postSolution
		SolutionGuid = {53AF1149-E750-4E92-9DC7-384672B40638}
	EndGlobalSection
EndGlobal
